
Microsoft Visual Studio Solution File, Format Version 12.00
# Visual Studio Version 16
VisualStudioVersion = 16.0.31112.23
MinimumVisualStudioVersion = 10.0.40219.1
Project("{9A19103F-16F7-4668-BE54-9A1E7A4F7556}") = "SabiAmMovies.WebAPI", "SabiAmMovies.WebAPI\SabiAmMovies.WebAPI.csproj", "{A3E754D4-C72C-4F99-B56F-1592F9A2C29C}"
EndProject
Project("{9A19103F-16F7-4668-BE54-9A1E7A4F7556}") = "SabiAmMovies.WebAPI.Tests", "SabiAmMovies.WebAPI.Tests\SabiAmMovies.WebAPI.Tests.csproj", "{077BEA93-3ABD-46E6-896A-B031800A052B}"
EndProject
Global
	GlobalSection(SolutionConfigurationPlatforms) = preSolution
		Debug|Any CPU = Debug|Any CPU
		Release|Any CPU = Release|Any CPU
	EndGlobalSection
	GlobalSection(ProjectConfigurationPlatforms) = postSolution
		{A3E754D4-C72C-4F99-B56F-1592F9A2C29C}.Debug|Any CPU.ActiveCfg = Debug|Any CPU
		{A3E754D4-C72C-4F99-B56F-1592F9A2C29C}.Debug|Any CPU.Build.0 = Debug|Any CPU
		{A3E754D4-C72C-4F99-B56F-1592F9A2C29C}.Release|Any CPU.ActiveCfg = Release|Any CPU
		{A3E754D4-C72C-4F99-B56F-1592F9A2C29C}.Release|Any CPU.Build.0 = Release|Any CPU
		{077BEA93-3ABD-46E6-896A-B031800A052B}.Debug|Any CPU.ActiveCfg = Debug|Any CPU
		{077BEA93-3ABD-46E6-896A-B031800A052B}.Debug|Any CPU.Build.0 = Debug|Any CPU
		{077BEA93-3ABD-46E6-896A-B031800A052B}.Release|Any CPU.ActiveCfg = Release|Any CPU
		{077BEA93-3ABD-46E6-896A-B031800A052B}.Release|Any CPU.Build.0 = Release|Any CPU
	EndGlobalSection
	GlobalSection(SolutionProperties) = preSolution
		HideSolutionNode = FALSE
	EndGlobalSection
	GlobalSection(ExtensibilityGlobals) = postSolution
		SolutionGuid = {35097D65-0754-48EF-A134-7DC9E6DF3FA9}
	EndGlobalSection
EndGlobal
